
Microsoft Visual Studio Solution File, Format Version 12.00
# Visual Studio 15
Project("{FAE04EC0-301F-11D3-BF4B-00C04F79EFBC}") = "LOSTEST", "Assembly-CSharp.csproj", "{4E842685-B508-F7A1-67A4-9620E8019432}"
EndProject
Global
	GlobalSection(SolutionConfigurationPlatforms) = preSolution
		Debug|Any CPU = Debug|Any CPU
		Release|Any CPU = Release|Any CPU
	EndGlobalSection
	GlobalSection(ProjectConfigurationPlatforms) = postSolution
		{4E842685-B508-F7A1-67A4-9620E8019432}.Debug|Any CPU.ActiveCfg = Debug|Any CPU
		{4E842685-B508-F7A1-67A4-9620E8019432}.Debug|Any CPU.Build.0 = Debug|Any CPU
		{4E842685-B508-F7A1-67A4-9620E8019432}.Release|Any CPU.ActiveCfg = Release|Any CPU
		{4E842685-B508-F7A1-67A4-9620E8019432}.Release|Any CPU.Build.0 = Release|Any CPU
	EndGlobalSection
	GlobalSection(SolutionProperties) = preSolution
		HideSolutionNode = FALSE
	EndGlobalSection
EndGlobal
