
Microsoft Visual Studio Solution File, Format Version 12.00
# Visual Studio 15
Project("{FAE04EC0-301F-11D3-BF4B-00C04F79EFBC}") = "enemy", "Assembly-CSharp.csproj", "{D663301B-7117-09CB-6917-324A2A42B64B}"
EndProject
Global
	GlobalSection(SolutionConfigurationPlatforms) = preSolution
		Debug|Any CPU = Debug|Any CPU
		Release|Any CPU = Release|Any CPU
	EndGlobalSection
	GlobalSection(ProjectConfigurationPlatforms) = postSolution
		{D663301B-7117-09CB-6917-324A2A42B64B}.Debug|Any CPU.ActiveCfg = Debug|Any CPU
		{D663301B-7117-09CB-6917-324A2A42B64B}.Debug|Any CPU.Build.0 = Debug|Any CPU
		{D663301B-7117-09CB-6917-324A2A42B64B}.Release|Any CPU.ActiveCfg = Release|Any CPU
		{D663301B-7117-09CB-6917-324A2A42B64B}.Release|Any CPU.Build.0 = Release|Any CPU
	EndGlobalSection
	GlobalSection(SolutionProperties) = preSolution
		HideSolutionNode = FALSE
	EndGlobalSection
EndGlobal
